Microsoft Visual Studio Solution File, Format Version 12.00
# Visual Studio Version 18
VisualStudioVersion = 18.0.1000.0
MinimumVisualStudioVersion = 10.0.40219.1
Project("{8BC9CEB8-8B4A-11D0-8D11-00A0C91BC942}") = "GameEngine", "GameEngine\GameEngine.vcxproj", "{C3B7A841-17F4-4BA2-B261-68934D45A201}"
	ProjectSection(ProjectDependencies) = postProject
		{C3B7A841-17F4-4BA2-B261-68934D45A101} = {C3B7A841-17F4-4BA2-B261-68934D45A101}
		{C3B7A841-17F4-4BA2-B261-68934D45A102} = {C3B7A841-17F4-4BA2-B261-68934D45A102}
		{C3B7A841-17F4-4BA2-B261-68934D45A103} = {C3B7A841-17F4-4BA2-B261-68934D45A103}
		{C3B7A841-17F4-4BA2-B261-68934D45A104} = {C3B7A841-17F4-4BA2-B261-68934D45A104}
		{C3B7A841-17F4-4BA2-B261-68934D45A105} = {C3B7A841-17F4-4BA2-B261-68934D45A105}
	EndProjectSection
EndProject
Project("{8BC9CEB8-8B4A-11D0-8D11-00A0C91BC942}") = "GameEngineDevice", "GameEngineDevice\GameEngineDevice.vcxproj", "{C3B7A841-17F4-4BA2-B261-68934D45A202}"
	ProjectSection(ProjectDependencies) = postProject
		{C3B7A841-17F4-4BA2-B261-68934D45A201} = {C3B7A841-17F4-4BA2-B261-68934D45A201}
		{C3B7A841-17F4-4BA2-B261-68934D45A101} = {C3B7A841-17F4-4BA2-B261-68934D45A101}
		{C3B7A841-17F4-4BA2-B261-68934D45A102} = {C3B7A841-17F4-4BA2-B261-68934D45A102}
		{C3B7A841-17F4-4BA2-B261-68934D45A103} = {C3B7A841-17F4-4BA2-B261-68934D45A103}
		{C3B7A841-17F4-4BA2-B261-68934D45A104} = {C3B7A841-17F4-4BA2-B261-68934D45A104}
		{C3B7A841-17F4-4BA2-B261-68934D45A105} = {C3B7A841-17F4-4BA2-B261-68934D45A105}
	EndProjectSection
EndProject
Project("{8BC9CEB8-8B4A-11D0-8D11-00A0C91BC942}") = "WWLib", "Libraries\Source\WWVegas\WWLib\WWLib.vcxproj", "{C3B7A841-17F4-4BA2-B261-68934D45A101}"
EndProject
Project("{8BC9CEB8-8B4A-11D0-8D11-00A0C91BC942}") = "WWMath", "Libraries\Source\WWVegas\WWMath\WWMath.vcxproj", "{C3B7A841-17F4-4BA2-B261-68934D45A102}"
EndProject
Project("{8BC9CEB8-8B4A-11D0-8D11-00A0C91BC942}") = "WWDebug", "Libraries\Source\WWVegas\WWDebug\WWDebug.vcxproj", "{C3B7A841-17F4-4BA2-B261-68934D45A103}"
EndProject
Project("{8BC9CEB8-8B4A-11D0-8D11-00A0C91BC942}") = "WWUtil", "Libraries\Source\WWVegas\Wwutil\WWUtil.vcxproj", "{C3B7A841-17F4-4BA2-B261-68934D45A104}"
EndProject
Project("{8BC9CEB8-8B4A-11D0-8D11-00A0C91BC942}") = "WW3D2", "Libraries\Source\WWVegas\WW3D2\WW3D2.vcxproj", "{C3B7A841-17F4-4BA2-B261-68934D45A105}"
EndProject
Project("{8BC9CEB8-8B4A-11D0-8D11-00A0C91BC942}") = "RTS", "RTS.vcxproj", "{527A6E85-3FA9-477B-B853-C324C05261D4}"
	ProjectSection(ProjectDependencies) = postProject
		{C3B7A841-17F4-4BA2-B261-68934D45A201} = {C3B7A841-17F4-4BA2-B261-68934D45A201}
		{C3B7A841-17F4-4BA2-B261-68934D45A202} = {C3B7A841-17F4-4BA2-B261-68934D45A202}
		{C3B7A841-17F4-4BA2-B261-68934D45A101} = {C3B7A841-17F4-4BA2-B261-68934D45A101}
		{C3B7A841-17F4-4BA2-B261-68934D45A102} = {C3B7A841-17F4-4BA2-B261-68934D45A102}
		{C3B7A841-17F4-4BA2-B261-68934D45A103} = {C3B7A841-17F4-4BA2-B261-68934D45A103}
		{C3B7A841-17F4-4BA2-B261-68934D45A104} = {C3B7A841-17F4-4BA2-B261-68934D45A104}
		{C3B7A841-17F4-4BA2-B261-68934D45A105} = {C3B7A841-17F4-4BA2-B261-68934D45A105}
	EndProjectSection
EndProject
Global
	GlobalSection(SolutionConfigurationPlatforms) = preSolution
		Debug|x64 = Debug|x64
		DebugW3D|x64 = DebugW3D|x64
		Internal|x64 = Internal|x64
		Profile|x64 = Profile|x64
		Release|x64 = Release|x64
	EndGlobalSection
	GlobalSection(ProjectConfigurationPlatforms) = postSolution
		{C3B7A841-17F4-4BA2-B261-68934D45A201}.Debug|x64.ActiveCfg = Debug|x64
		{C3B7A841-17F4-4BA2-B261-68934D45A201}.Debug|x64.Build.0 = Debug|x64
		{C3B7A841-17F4-4BA2-B261-68934D45A201}.DebugW3D|x64.ActiveCfg = Debug|x64
		{C3B7A841-17F4-4BA2-B261-68934D45A201}.DebugW3D|x64.Build.0 = Debug|x64
		{C3B7A841-17F4-4BA2-B261-68934D45A201}.Internal|x64.ActiveCfg = Release|x64
		{C3B7A841-17F4-4BA2-B261-68934D45A201}.Internal|x64.Build.0 = Release|x64
		{C3B7A841-17F4-4BA2-B261-68934D45A201}.Profile|x64.ActiveCfg = Release|x64
		{C3B7A841-17F4-4BA2-B261-68934D45A201}.Profile|x64.Build.0 = Release|x64
		{C3B7A841-17F4-4BA2-B261-68934D45A201}.Release|x64.ActiveCfg = Release|x64
		{C3B7A841-17F4-4BA2-B261-68934D45A201}.Release|x64.Build.0 = Release|x64
		{C3B7A841-17F4-4BA2-B261-68934D45A202}.Debug|x64.ActiveCfg = Debug|x64
		{C3B7A841-17F4-4BA2-B261-68934D45A202}.Debug|x64.Build.0 = Debug|x64
		{C3B7A841-17F4-4BA2-B261-68934D45A202}.DebugW3D|x64.ActiveCfg = Debug|x64
		{C3B7A841-17F4-4BA2-B261-68934D45A202}.DebugW3D|x64.Build.0 = Debug|x64
		{C3B7A841-17F4-4BA2-B261-68934D45A202}.Internal|x64.ActiveCfg = Release|x64
		{C3B7A841-17F4-4BA2-B261-68934D45A202}.Internal|x64.Build.0 = Release|x64
		{C3B7A841-17F4-4BA2-B261-68934D45A202}.Profile|x64.ActiveCfg = Release|x64
		{C3B7A841-17F4-4BA2-B261-68934D45A202}.Profile|x64.Build.0 = Release|x64
		{C3B7A841-17F4-4BA2-B261-68934D45A202}.Release|x64.ActiveCfg = Release|x64
		{C3B7A841-17F4-4BA2-B261-68934D45A202}.Release|x64.Build.0 = Release|x64
		{C3B7A841-17F4-4BA2-B261-68934D45A101}.Debug|x64.ActiveCfg = Debug|x64
		{C3B7A841-17F4-4BA2-B261-68934D45A101}.Debug|x64.Build.0 = Debug|x64
		{C3B7A841-17F4-4BA2-B261-68934D45A101}.DebugW3D|x64.ActiveCfg = DebugW3D|x64
		{C3B7A841-17F4-4BA2-B261-68934D45A101}.DebugW3D|x64.Build.0 = DebugW3D|x64
		{C3B7A841-17F4-4BA2-B261-68934D45A101}.Internal|x64.ActiveCfg = Internal|x64
		{C3B7A841-17F4-4BA2-B261-68934D45A101}.Internal|x64.Build.0 = Internal|x64
		{C3B7A841-17F4-4BA2-B261-68934D45A101}.Profile|x64.ActiveCfg = Profile|x64
		{C3B7A841-17F4-4BA2-B261-68934D45A101}.Profile|x64.Build.0 = Profile|x64
		{C3B7A841-17F4-4BA2-B261-68934D45A101}.Release|x64.ActiveCfg = Release|x64
		{C3B7A841-17F4-4BA2-B261-68934D45A101}.Release|x64.Build.0 = Release|x64
		{C3B7A841-17F4-4BA2-B261-68934D45A102}.Debug|x64.ActiveCfg = Debug|x64
		{C3B7A841-17F4-4BA2-B261-68934D45A102}.Debug|x64.Build.0 = Debug|x64
		{C3B7A841-17F4-4BA2-B261-68934D45A102}.DebugW3D|x64.ActiveCfg = DebugW3D|x64
		{C3B7A841-17F4-4BA2-B261-68934D45A102}.DebugW3D|x64.Build.0 = DebugW3D|x64
		{C3B7A841-17F4-4BA2-B261-68934D45A102}.Internal|x64.ActiveCfg = Internal|x64
		{C3B7A841-17F4-4BA2-B261-68934D45A102}.Internal|x64.Build.0 = Internal|x64
		{C3B7A841-17F4-4BA2-B261-68934D45A102}.Profile|x64.ActiveCfg = Profile|x64
		{C3B7A841-17F4-4BA2-B261-68934D45A102}.Profile|x64.Build.0 = Profile|x64
		{C3B7A841-17F4-4BA2-B261-68934D45A102}.Release|x64.ActiveCfg = Release|x64
		{C3B7A841-17F4-4BA2-B261-68934D45A102}.Release|x64.Build.0 = Release|x64
		{C3B7A841-17F4-4BA2-B261-68934D45A103}.Debug|x64.ActiveCfg = Debug|x64
		{C3B7A841-17F4-4BA2-B261-68934D45A103}.Debug|x64.Build.0 = Debug|x64
		{C3B7A841-17F4-4BA2-B261-68934D45A103}.DebugW3D|x64.ActiveCfg = DebugW3D|x64
		{C3B7A841-17F4-4BA2-B261-68934D45A103}.DebugW3D|x64.Build.0 = DebugW3D|x64
		{C3B7A841-17F4-4BA2-B261-68934D45A103}.Internal|x64.ActiveCfg = Internal|x64
		{C3B7A841-17F4-4BA2-B261-68934D45A103}.Internal|x64.Build.0 = Internal|x64
		{C3B7A841-17F4-4BA2-B261-68934D45A103}.Profile|x64.ActiveCfg = Profile|x64
		{C3B7A841-17F4-4BA2-B261-68934D45A103}.Profile|x64.Build.0 = Profile|x64
		{C3B7A841-17F4-4BA2-B261-68934D45A103}.Release|x64.ActiveCfg = Release|x64
		{C3B7A841-17F4-4BA2-B261-68934D45A103}.Release|x64.Build.0 = Release|x64
		{C3B7A841-17F4-4BA2-B261-68934D45A104}.Debug|x64.ActiveCfg = Debug|x64
		{C3B7A841-17F4-4BA2-B261-68934D45A104}.Debug|x64.Build.0 = Debug|x64
		{C3B7A841-17F4-4BA2-B261-68934D45A104}.DebugW3D|x64.ActiveCfg = DebugW3D|x64
		{C3B7A841-17F4-4BA2-B261-68934D45A104}.DebugW3D|x64.Build.0 = DebugW3D|x64
		{C3B7A841-17F4-4BA2-B261-68934D45A104}.Internal|x64.ActiveCfg = Internal|x64
		{C3B7A841-17F4-4BA2-B261-68934D45A104}.Internal|x64.Build.0 = Internal|x64
		{C3B7A841-17F4-4BA2-B261-68934D45A104}.Profile|x64.ActiveCfg = Profile|x64
		{C3B7A841-17F4-4BA2-B261-68934D45A104}.Profile|x64.Build.0 = Profile|x64
		{C3B7A841-17F4-4BA2-B261-68934D45A104}.Release|x64.ActiveCfg = Release|x64
		{C3B7A841-17F4-4BA2-B261-68934D45A104}.Release|x64.Build.0 = Release|x64
		{C3B7A841-17F4-4BA2-B261-68934D45A105}.Debug|x64.ActiveCfg = Debug|x64
		{C3B7A841-17F4-4BA2-B261-68934D45A105}.Debug|x64.Build.0 = Debug|x64
		{C3B7A841-17F4-4BA2-B261-68934D45A105}.DebugW3D|x64.ActiveCfg = DebugW3D|x64
		{C3B7A841-17F4-4BA2-B261-68934D45A105}.DebugW3D|x64.Build.0 = DebugW3D|x64
		{C3B7A841-17F4-4BA2-B261-68934D45A105}.Internal|x64.ActiveCfg = Internal|x64
		{C3B7A841-17F4-4BA2-B261-68934D45A105}.Internal|x64.Build.0 = Internal|x64
		{C3B7A841-17F4-4BA2-B261-68934D45A105}.Profile|x64.ActiveCfg = Profile|x64
		{C3B7A841-17F4-4BA2-B261-68934D45A105}.Profile|x64.Build.0 = Profile|x64
		{C3B7A841-17F4-4BA2-B261-68934D45A105}.Release|x64.ActiveCfg = Release|x64
		{C3B7A841-17F4-4BA2-B261-68934D45A105}.Release|x64.Build.0 = Release|x64
		{527A6E85-3FA9-477B-B853-C324C05261D4}.Debug|x64.ActiveCfg = Debug|x64
		{527A6E85-3FA9-477B-B853-C324C05261D4}.Debug|x64.Build.0 = Debug|x64
		{527A6E85-3FA9-477B-B853-C324C05261D4}.DebugW3D|x64.ActiveCfg = DebugW3D|x64
		{527A6E85-3FA9-477B-B853-C324C05261D4}.DebugW3D|x64.Build.0 = DebugW3D|x64
		{527A6E85-3FA9-477B-B853-C324C05261D4}.Internal|x64.ActiveCfg = Internal|x64
		{527A6E85-3FA9-477B-B853-C324C05261D4}.Internal|x64.Build.0 = Internal|x64
		{527A6E85-3FA9-477B-B853-C324C05261D4}.Profile|x64.ActiveCfg = Profile|x64
		{527A6E85-3FA9-477B-B853-C324C05261D4}.Profile|x64.Build.0 = Profile|x64
		{527A6E85-3FA9-477B-B853-C324C05261D4}.Release|x64.ActiveCfg = Release|x64
		{527A6E85-3FA9-477B-B853-C324C05261D4}.Release|x64.Build.0 = Release|x64
	EndGlobalSection
	GlobalSection(SolutionProperties) = preSolution
		HideSolutionNode = FALSE
	EndGlobalSection
	GlobalSection(ExtensibilityGlobals) = postSolution
		        SolutionGuid = {6DE8B0EE-ADC7-4749-B87A-9E09F2F082EC}
	EndGlobalSection
EndGlobal
